
Microsoft Visual Studio Solution File, Format Version 12.00
# Visual Studio 14
VisualStudioVersion = 14.0.23107.0
MinimumVisualStudioVersion = 10.0.40219.1
Project("{FAE04EC0-301F-11D3-BF4B-00C04F79EFBC}") = "baiTap2", "baiTap2\baiTap2.csproj", "{DC4C26D3-7608-4700-880D-17F974929E9F}"
EndProject
Global
	GlobalSection(SolutionConfigurationPlatforms) = preSolution
		Debug|Any CPU = Debug|Any CPU
		Release|Any CPU = Release|Any CPU
	EndGlobalSection
	GlobalSection(ProjectConfigurationPlatforms) = postSolution
		{DC4C26D3-7608-4700-880D-17F974929E9F}.Debug|Any CPU.ActiveCfg = Debug|Any CPU
		{DC4C26D3-7608-4700-880D-17F974929E9F}.Debug|Any CPU.Build.0 = Debug|Any CPU
		{DC4C26D3-7608-4700-880D-17F974929E9F}.Release|Any CPU.ActiveCfg = Release|Any CPU
		{DC4C26D3-7608-4700-880D-17F974929E9F}.Release|Any CPU.Build.0 = Release|Any CPU
	EndGlobalSection
	GlobalSection(SolutionProperties) = preSolution
		HideSolutionNode = FALSE
	EndGlobalSection
EndGlobal
